// !$*UTF8*$!
{
	archiveVersion = 1;
	classes = {
	};
	objectVersion = 46;
	objects = {

/* Begin PBXBuildFile section */
		0074892F1BAF778400668D80 /* main.cpp in Sources */ = {isa = PBXBuildFile; fileRef = 0074892E1BAF778400668D80 /* main.cpp */; };
		007489371BAF782800668D80 /* shape.cpp in Sources */ = {isa = PBXBuildFile; fileRef = 007489351BAF782800668D80 /* shape.cpp */; settings = {ASSET_TAGS = (); }; };
		0074893A1BAF9B4B00668D80 /* square.cpp in Sources */ = {isa = PBXBuildFile; fileRef = 007489381BAF9B4B00668D80 /* square.cpp */; settings = {ASSET_TAGS = (); }; };
/* End PBXBuildFile section */

/* Begin PBXCopyFilesBuildPhase section */
		007489291BAF778400668D80 /* CopyFiles */ = {
			isa = PBXCopyFilesBuildPhase;
			buildActionMask = 2147483647;
			dstPath = /usr/share/man/man1/;
			dstSubfolderSpec = 0;
			files = (
			);
			runOnlyForDeploymentPostprocessing = 1;
		};
/* End PBXCopyFilesBuildPhase section */

/* Begin PBXFileReference section */
		0074892B1BAF778400668D80 /* commandline */ = {isa = PBXFileReference; explicitFileType = "compiled.mach-o.executable"; includeInIndex = 0; path = commandline; sourceTree = BUILT_PRODUCTS_DIR; };
		0074892E1BAF778400668D80 /* main.cpp */ = {isa = PBXFileReference; lastKnownFileType = sourcecode.cpp.cpp; path = main.cpp; sourceTree = "<group>"; };
		007489351BAF782800668D80 /* shape.cpp */ = {isa = PBXFileReference; fileEncoding = 4; lastKnownFileType = sourcecode.cpp.cpp; path = shape.cpp; sourceTree = "<group>"; };
		007489361BAF782800668D80 /* shape.hpp */ = {isa = PBXFileReference; fileEncoding = 4; lastKnownFileType = sourcecode.cpp.h; path = shape.hpp; sourceTree = "<group>"; };
		007489381BAF9B4B00668D80 /* square.cpp */ = {isa = PBXFileReference; fileEncoding = 4; lastKnownFileType = sourcecode.cpp.cpp; path = square.cpp; sourceTree = "<group>"; };
		007489391BAF9B4B00668D80 /* square.hpp */ = {isa = PBXFileReference; fileEncoding = 4; lastKnownFileType = sourcecode.cpp.h; path = square.hpp; sourceTree = "<group>"; };
/* End PBXFileReference section */

/* Begin PBXFrameworksBuildPhase section */
		007489281BAF778400668D80 /* Frameworks */ = {
			isa = PBXFrameworksBuildPhase;
			buildActionMask = 2147483647;
			files = (
			);
			runOnlyForDeploymentPostprocessing = 0;
		};
/* End PBXFrameworksBuildPhase section */

/* Begin PBXGroup section */
		007489221BAF778400668D80 = {
			isa = PBXGroup;
			children = (
				0074892D1BAF778400668D80 /* commandline */,
				0074892C1BAF778400668D80 /* Products */,
			);
			sourceTree = "<group>";
		};
		0074892C1BAF778400668D80 /* Products */ = {
			isa = PBXGroup;
			children = (
				0074892B1BAF778400668D80 /* commandline */,
			);
			name = Products;
			sourceTree = "<group>";
		};
		0074892D1BAF778400668D80 /* commandline */ = {
			isa = PBXGroup;
			children = (
				0074892E1BAF778400668D80 /* main.cpp */,
				007489351BAF782800668D80 /* shape.cpp */,
				007489381BAF9B4B00668D80 /* square.cpp */,
				007489391BAF9B4B00668D80 /* square.hpp */,
				007489361BAF782800668D80 /* shape.hpp */,
			);
			path = commandline;
			sourceTree = "<group>";
		};
/* End PBXGroup section */

/* Begin PBXNativeTarget section */
		0074892A1BAF778400668D80 /* commandline */ = {
			isa = PBXNativeTarget;
			buildConfigurationList = 007489321BAF778400668D80 /* Build configuration list for PBXNativeTarget "commandline" */;
			buildPhases = (
				007489271BAF778400668D80 /* Sources */,
				007489281BAF778400668D80 /* Frameworks */,
				007489291BAF778400668D80 /* CopyFiles */,
			);
			buildRules = (
			);
			dependencies = (
			);
			name = commandline;
			productName = commandline;
			productReference = 0074892B1BAF778400668D80 /* commandline */;
			productType = "com.apple.product-type.tool";
		};
/* End PBXNativeTarget section */

/* Begin PBXProject section */
		007489231BAF778400668D80 /* Project object */ = {
			isa = PBXProject;
			attributes = {
				LastUpgradeCheck = 0700;
				ORGANIZATIONNAME = "Richard Lum";
				TargetAttributes = {
					0074892A1BAF778400668D80 = {
						CreatedOnToolsVersion = 7.0;
					};
				};
			};
			buildConfigurationList = 007489261BAF778400668D80 /* Build configuration list for PBXProject "commandline" */;
			compatibilityVersion = "Xcode 3.2";
			developmentRegion = English;
			hasScannedForEncodings = 0;
			knownRegions = (
				en,
			);
			mainGroup = 007489221BAF778400668D80;
			productRefGroup = 0074892C1BAF778400668D80 /* Products */;
			projectDirPath = "";
			projectRoot = "";
			targets = (
				0074892A1BAF778400668D80 /* commandline */,
			);
		};
/* End PBXProject section */

/* Begin PBXSourcesBuildPhase section */
		007489271BAF778400668D80 /* Sources */ = {
			isa = PBXSourcesBuildPhase;
			buildActionMask = 2147483647;
			files = (
				0074892F1BAF778400668D80 /* main.cpp in Sources */,
				0074893A1BAF9B4B00668D80 /* square.cpp in Sources */,
				007489371BAF782800668D80 /* shape.cpp in Sources */,
			);
			runOnlyForDeploymentPostprocessing = 0;
		};
/* End PBXSourcesBuildPhase section */

/* Begin XCBuildConfiguration section */
		007489301BAF778400668D80 /* Debug */ = {
			isa = XCBuildConfiguration;
			buildSettings = {
				ALWAYS_SEARCH_USER_PATHS = NO;
				CLANG_CXX_LANGUAGE_STANDARD = "gnu++0x";
				CLANG_CXX_LIBRARY = "libc++";
				CLANG_ENABLE_MODULES = YES;
				CLANG_ENABLE_OBJC_ARC = YES;
				CLANG_WARN_BOOL_CONVERSION = YES;
				CLANG_WARN_CONSTANT_CONVERSION = YES;
				CLANG_WARN_DIRECT_OBJC_ISA_USAGE = YES_ERROR;
				CLANG_WARN_EMPTY_BODY = YES;
				CLANG_WARN_ENUM_CONVERSION = YES;
				CLANG_WARN_INT_CONVERSION = YES;
				CLANG_WARN_OBJC_ROOT_CLASS = YES_ERROR;
				CLANG_WARN_UNREACHABLE_CODE = YES;
				CLANG_WARN__DUPLICATE_METHOD_MATCH = YES;
				COPY_PHASE_STRIP = NO;
				DEBUG_INFORMATION_FORMAT = dwarf;
				ENABLE_STRICT_OBJC_MSGSEND = YES;
				ENABLE_TESTABILITY = YES;
				GCC_C_LANGUAGE_STANDARD = gnu99;
				GCC_DYNAMIC_NO_PIC = NO;
				GCC_NO_COMMON_BLOCKS = YES;
				GCC_OPTIMIZATION_LEVEL = 0;
				GCC_PREPROCESSOR_DEFINITIONS = (
					"DEBUG=1",
					"$(inherited)",
				);
				GCC_WARN_64_TO_32_BIT_CONVERSION = YES;
				GCC_WARN_ABOUT_RETURN_TYPE = YES_ERROR;
				GCC_WARN_UNDECLARED_SELECTOR = YES;
				GCC_WARN_UNINITIALIZED_AUTOS = YES_AGGRESSIVE;
				GCC_WARN_UNUSED_FUNCTION = YES;
				GCC_WARN_UNUSED_VARIABLE = YES;
				MACOSX_DEPLOYMENT_TARGET = 10.10;
				MTL_ENABLE_DEBUG_INFO = YES;
				ONLY_ACTIVE_ARCH = YES;
				SDKROOT = macosx;
			};
			name = Debug;
		};
		007489311BAF778400668D80 /* Release */ = {
			isa = XCBuildConfiguration;
			buildSettings = {
				ALWAYS_SEARCH_USER_PATHS = NO;
				CLANG_CXX_LANGUAGE_STANDARD = "gnu++0x";
				CLANG_CXX_LIBRARY = "libc++";
				CLANG_ENABLE_MODULES = YES;
				CLANG_ENABLE_OBJC_ARC = YES;
				CLANG_WARN_BOOL_CONVERSION = YES;
				CLANG_WARN_CONSTANT_CONVERSION = YES;
				CLANG_WARN_DIRECT_OBJC_ISA_USAGE = YES_ERROR;
				CLANG_WARN_EMPTY_BODY = YES;
				CLANG_WARN_ENUM_CONVERSION = YES;
				CLANG_WARN_INT_CONVERSION = YES;
				CLANG_WARN_OBJC_ROOT_CLASS = YES_ERROR;
				CLANG_WARN_UNREACHABLE_CODE = YES;
				CLANG_WARN__DUPLICATE_METHOD_MATCH = YES;
				COPY_PHASE_STRIP = NO;
				DEBUG_INFORMATION_FORMAT = "dwarf-with-dsym";
				ENABLE_NS_ASSERTIONS = NO;
				ENABLE_STRICT_OBJC_MSGSEND = YES;
				GCC_C_LANGUAGE_STANDARD = gnu99;
				GCC_NO_COMMON_BLOCKS = YES;
				GCC_WARN_64_TO_32_BIT_CONVERSION = YES;
				GCC_WARN_ABOUT_RETURN_TYPE = YES_ERROR;
				GCC_WARN_UNDECLARED_SELECTOR = YES;
				GCC_WARN_UNINITIALIZED_AUTOS = YES_AGGRESSIVE;
				GCC_WARN_UNUSED_FUNCTION = YES;
				GCC_WARN_UNUSED_VARIABLE = YES;
				MACOSX_DEPLOYMENT_TARGET = 10.10;
				MTL_ENABLE_DEBUG_INFO = NO;
				SDKROOT = macosx;
			};
			name = Release;
		};
		007489331BAF778400668D80 /* Debug */ = {
			isa = XCBuildConfiguration;
			buildSettings = {
				CODE_SIGN_IDENTITY = "Richard Lum";
				PRODUCT_NAME = "$(TARGET_NAME)";
			};
			name = Debug;
		};
		007489341BAF778400668D80 /* Release */ = {
			isa = XCBuildConfiguration;
			buildSettings = {
				CODE_SIGN_IDENTITY = "Richard Lum";
				PRODUCT_NAME = "$(TARGET_NAME)";
			};
			name = Release;
		};
/* End XCBuildConfiguration section */

/* Begin XCConfigurationList section */
		007489261BAF778400668D80 /* Build configuration list for PBXProject "commandline" */ = {
			isa = XCConfigurationList;
			buildConfigurations = (
				007489301BAF778400668D80 /* Debug */,
				007489311BAF778400668D80 /* Release */,
			);
			defaultConfigurationIsVisible = 0;
			defaultConfigurationName = Release;
		};
		007489321BAF778400668D80 /* Build configuration list for PBXNativeTarget "commandline" */ = {
			isa = XCConfigurationList;
			buildConfigurations = (
				007489331BAF778400668D80 /* Debug */,
				007489341BAF778400668D80 /* Release */,
			);
			defaultConfigurationIsVisible = 0;
		};
/* End XCConfigurationList section */
	};
	rootObject = 007489231BAF778400668D80 /* Project object */;
}
